// !$*UTF8*$!
{
	archiveVersion = 1;
	classes = {
	};
	objectVersion = 50;
	objects = {

/* Begin PBXBuildFile section */
		F8148E7120D1F28D00AF8B4E /* liblibfvad.a in Frameworks */ = {isa = PBXBuildFile; fileRef = F8148E7020D1F28D00AF8B4E /* liblibfvad.a */; };
		F87B07BB20D1F1CD00EE4FD9 /* AppDelegate.swift in Sources */ = {isa = PBXBuildFile; fileRef = F87B07BA20D1F1CD00EE4FD9 /* AppDelegate.swift */; };
		F87B07BD20D1F1CD00EE4FD9 /* ViewController.swift in Sources */ = {isa = PBXBuildFile; fileRef = F87B07BC20D1F1CD00EE4FD9 /* ViewController.swift */; };
		F87B07C020D1F1CD00EE4FD9 /* Main.storyboard in Resources */ = {isa = PBXBuildFile; fileRef = F87B07BE20D1F1CD00EE4FD9 /* Main.storyboard */; };
		F87B07C220D1F1CE00EE4FD9 /* Assets.xcassets in Resources */ = {isa = PBXBuildFile; fileRef = F87B07C120D1F1CE00EE4FD9 /* Assets.xcassets */; };
		F87B07C520D1F1CE00EE4FD9 /* LaunchScreen.storyboard in Resources */ = {isa = PBXBuildFile; fileRef = F87B07C320D1F1CE00EE4FD9 /* LaunchScreen.storyboard */; };
/* End PBXBuildFile section */

/* Begin PBXFileReference section */
		F8148E7020D1F28D00AF8B4E /* liblibfvad.a */ = {isa = PBXFileReference; explicitFileType = archive.ar; path = liblibfvad.a; sourceTree = BUILT_PRODUCTS_DIR; };
		F8148E7C20D2193B00AF8B4E /* iOSlibfvadExample-Bridging-Header.h */ = {isa = PBXFileReference; lastKnownFileType = sourcecode.c.h; path = "iOSlibfvadExample-Bridging-Header.h"; sourceTree = "<group>"; };
		F87B07B720D1F1CD00EE4FD9 /* iOSlibfvadExample.app */ = {isa = PBXFileReference; explicitFileType = wrapper.application; includeInIndex = 0; path = iOSlibfvadExample.app; sourceTree = BUILT_PRODUCTS_DIR; };
		F87B07BA20D1F1CD00EE4FD9 /* AppDelegate.swift */ = {isa = PBXFileReference; lastKnownFileType = sourcecode.swift; path = AppDelegate.swift; sourceTree = "<group>"; };
		F87B07BC20D1F1CD00EE4FD9 /* ViewController.swift */ = {isa = PBXFileReference; lastKnownFileType = sourcecode.swift; path = ViewController.swift; sourceTree = "<group>"; };
		F87B07BF20D1F1CD00EE4FD9 /* Base */ = {isa = PBXFileReference; lastKnownFileType = file.storyboard; name = Base; path = Base.lproj/Main.storyboard; sourceTree = "<group>"; };
		F87B07C120D1F1CE00EE4FD9 /* Assets.xcassets */ = {isa = PBXFileReference; lastKnownFileType = folder.assetcatalog; path = Assets.xcassets; sourceTree = "<group>"; };
		F87B07C420D1F1CE00EE4FD9 /* Base */ = {isa = PBXFileReference; lastKnownFileType = file.storyboard; name = Base; path = Base.lproj/LaunchScreen.storyboard; sourceTree = "<group>"; };
		F87B07C620D1F1CE00EE4FD9 /* Info.plist */ = {isa = PBXFileReference; lastKnownFileType = text.plist.xml; path = Info.plist; sourceTree = "<group>"; };
/* End PBXFileReference section */

/* Begin PBXFrameworksBuildPhase section */
		F87B07B420D1F1CD00EE4FD9 /* Frameworks */ = {
			isa = PBXFrameworksBuildPhase;
			buildActionMask = 2147483647;
			files = (
				F8148E7120D1F28D00AF8B4E /* liblibfvad.a in Frameworks */,
			);
			runOnlyForDeploymentPostprocessing = 0;
		};
/* End PBXFrameworksBuildPhase section */

/* Begin PBXGroup section */
		F8148E6F20D1F28D00AF8B4E /* Frameworks */ = {
			isa = PBXGroup;
			children = (
				F8148E7020D1F28D00AF8B4E /* liblibfvad.a */,
			);
			name = Frameworks;
			sourceTree = "<group>";
		};
		F87B07AE20D1F1CD00EE4FD9 = {
			isa = PBXGroup;
			children = (
				F8148E7C20D2193B00AF8B4E /* iOSlibfvadExample-Bridging-Header.h */,
				F87B07B920D1F1CD00EE4FD9 /* iOSlibfvadExample */,
				F87B07B820D1F1CD00EE4FD9 /* Products */,
				F8148E6F20D1F28D00AF8B4E /* Frameworks */,
			);
			sourceTree = "<group>";
		};
		F87B07B820D1F1CD00EE4FD9 /* Products */ = {
			isa = PBXGroup;
			children = (
				F87B07B720D1F1CD00EE4FD9 /* iOSlibfvadExample.app */,
			);
			name = Products;
			sourceTree = "<group>";
		};
		F87B07B920D1F1CD00EE4FD9 /* iOSlibfvadExample */ = {
			isa = PBXGroup;
			children = (
				F87B07BA20D1F1CD00EE4FD9 /* AppDelegate.swift */,
				F87B07BC20D1F1CD00EE4FD9 /* ViewController.swift */,
				F87B07BE20D1F1CD00EE4FD9 /* Main.storyboard */,
				F87B07C120D1F1CE00EE4FD9 /* Assets.xcassets */,
				F87B07C320D1F1CE00EE4FD9 /* LaunchScreen.storyboard */,
				F87B07C620D1F1CE00EE4FD9 /* Info.plist */,
			);
			path = iOSlibfvadExample;
			sourceTree = "<group>";
		};
/* End PBXGroup section */

/* Begin PBXNativeTarget section */
		F87B07B620D1F1CD00EE4FD9 /* iOSlibfvadExample */ = {
			isa = PBXNativeTarget;
			buildConfigurationList = F87B07C920D1F1CE00EE4FD9 /* Build configuration list for PBXNativeTarget "iOSlibfvadExample" */;
			buildPhases = (
				F87B07B320D1F1CD00EE4FD9 /* Sources */,
				F87B07B420D1F1CD00EE4FD9 /* Frameworks */,
				F87B07B520D1F1CD00EE4FD9 /* Resources */,
			);
			buildRules = (
			);
			dependencies = (
			);
			name = iOSlibfvadExample;
			productName = iOSlibfvadExample;
			productReference = F87B07B720D1F1CD00EE4FD9 /* iOSlibfvadExample.app */;
			productType = "com.apple.product-type.application";
		};
/* End PBXNativeTarget section */

/* Begin PBXProject section */
		F87B07AF20D1F1CD00EE4FD9 /* Project object */ = {
			isa = PBXProject;
			attributes = {
				LastSwiftUpdateCheck = 0940;
				LastUpgradeCheck = 0940;
				ORGANIZATIONNAME = "akihiro uehara";
				TargetAttributes = {
					F87B07B620D1F1CD00EE4FD9 = {
						CreatedOnToolsVersion = 9.4;
						LastSwiftMigration = 0940;
					};
				};
			};
			buildConfigurationList = F87B07B220D1F1CD00EE4FD9 /* Build configuration list for PBXProject "iOSlibfvadExample" */;
			compatibilityVersion = "Xcode 9.3";
			developmentRegion = en;
			hasScannedForEncodings = 0;
			knownRegions = (
				en,
				Base,
			);
			mainGroup = F87B07AE20D1F1CD00EE4FD9;
			productRefGroup = F87B07B820D1F1CD00EE4FD9 /* Products */;
			projectDirPath = "";
			projectRoot = "";
			targets = (
				F87B07B620D1F1CD00EE4FD9 /* iOSlibfvadExample */,
			);
		};
/* End PBXProject section */

/* Begin PBXResourcesBuildPhase section */
		F87B07B520D1F1CD00EE4FD9 /* Resources */ = {
			isa = PBXResourcesBuildPhase;
			buildActionMask = 2147483647;
			files = (
				F87B07C520D1F1CE00EE4FD9 /* LaunchScreen.storyboard in Resources */,
				F87B07C220D1F1CE00EE4FD9 /* Assets.xcassets in Resources */,
				F87B07C020D1F1CD00EE4FD9 /* Main.storyboard in Resources */,
			);
			runOnlyForDeploymentPostprocessing = 0;
		};
/* End PBXResourcesBuildPhase section */

/* Begin PBXSourcesBuildPhase section */
		F87B07B320D1F1CD00EE4FD9 /* Sources */ = {
			isa = PBXSourcesBuildPhase;
			buildActionMask = 2147483647;
			files = (
				F87B07BD20D1F1CD00EE4FD9 /* ViewController.swift in Sources */,
				F87B07BB20D1F1CD00EE4FD9 /* AppDelegate.swift in Sources */,
			);
			runOnlyForDeploymentPostprocessing = 0;
		};
/* End PBXSourcesBuildPhase section */

/* Begin PBXVariantGroup section */
		F87B07BE20D1F1CD00EE4FD9 /* Main.storyboard */ = {
			isa = PBXVariantGroup;
			children = (
				F87B07BF20D1F1CD00EE4FD9 /* Base */,
			);
			name = Main.storyboard;
			sourceTree = "<group>";
		};
		F87B07C320D1F1CE00EE4FD9 /* LaunchScreen.storyboard */ = {
			isa = PBXVariantGroup;
			children = (
				F87B07C420D1F1CE00EE4FD9 /* Base */,
			);
			name = LaunchScreen.storyboard;
			sourceTree = "<group>";
		};
/* End PBXVariantGroup section */

/* Begin XCBuildConfiguration section */
		F87B07C720D1F1CE00EE4FD9 /* Debug */ = {
			isa = XCBuildConfiguration;
			buildSettings = {
				ALWAYS_SEARCH_USER_PATHS = NO;
				CLANG_ANALYZER_NONNULL = YES;
				CLANG_ANALYZER_NUMBER_OBJECT_CONVERSION = YES_AGGRESSIVE;
				CLANG_CXX_LANGUAGE_STANDARD = "gnu++14";
				CLANG_CXX_LIBRARY = "libc++";
				CLANG_ENABLE_MODULES = YES;
				CLANG_ENABLE_OBJC_ARC = YES;
				CLANG_ENABLE_OBJC_WEAK = YES;
				CLANG_WARN_BLOCK_CAPTURE_AUTORELEASING = YES;
				CLANG_WARN_BOOL_CONVERSION = YES;
				CLANG_WARN_COMMA = YES;
				CLANG_WARN_CONSTANT_CONVERSION = YES;
				CLANG_WARN_DEPRECATED_OBJC_IMPLEMENTATIONS = YES;
				CLANG_WARN_DIRECT_OBJC_ISA_USAGE = YES_ERROR;
				CLANG_WARN_DOCUMENTATION_COMMENTS = YES;
				CLANG_WARN_EMPTY_BODY = YES;
				CLANG_WARN_ENUM_CONVERSION = YES;
				CLANG_WARN_INFINITE_RECURSION = YES;
				CLANG_WARN_INT_CONVERSION = YES;
				CLANG_WARN_NON_LITERAL_NULL_CONVERSION = YES;
				CLANG_WARN_OBJC_IMPLICIT_RETAIN_SELF = YES;
				CLANG_WARN_OBJC_LITERAL_CONVERSION = YES;
				CLANG_WARN_OBJC_ROOT_CLASS = YES_ERROR;
				CLANG_WARN_RANGE_LOOP_ANALYSIS = YES;
				CLANG_WARN_STRICT_PROTOTYPES = YES;
				CLANG_WARN_SUSPICIOUS_MOVE = YES;
				CLANG_WARN_UNGUARDED_AVAILABILITY = YES_AGGRESSIVE;
				CLANG_WARN_UNREACHABLE_CODE = YES;
				CLANG_WARN__DUPLICATE_METHOD_MATCH = YES;
				CODE_SIGN_IDENTITY = "iPhone Developer";
				COPY_PHASE_STRIP = NO;
				DEBUG_INFORMATION_FORMAT = dwarf;
				ENABLE_STRICT_OBJC_MSGSEND = YES;
				ENABLE_TESTABILITY = YES;
				GCC_C_LANGUAGE_STANDARD = gnu11;
				GCC_DYNAMIC_NO_PIC = NO;
				GCC_NO_COMMON_BLOCKS = YES;
				GCC_OPTIMIZATION_LEVEL = 0;
				GCC_PREPROCESSOR_DEFINITIONS = (
					"DEBUG=1",
					"$(inherited)",
				);
				GCC_WARN_64_TO_32_BIT_CONVERSION = YES;
				GCC_WARN_ABOUT_RETURN_TYPE = YES_ERROR;
				GCC_WARN_UNDECLARED_SELECTOR = YES;
				GCC_WARN_UNINITIALIZED_AUTOS = YES_AGGRESSIVE;
				GCC_WARN_UNUSED_FUNCTION = YES;
				GCC_WARN_UNUSED_VARIABLE = YES;
				IPHONEOS_DEPLOYMENT_TARGET = 11.4;
				MTL_ENABLE_DEBUG_INFO = YES;
				ONLY_ACTIVE_ARCH = YES;
				SDKROOT = iphoneos;
				SWIFT_ACTIVE_COMPILATION_CONDITIONS = DEBUG;
				SWIFT_OPTIMIZATION_LEVEL = "-Onone";
			};
			name = Debug;
		};
		F87B07C820D1F1CE00EE4FD9 /* Release */ = {
			isa = XCBuildConfiguration;
			buildSettings = {
				ALWAYS_SEARCH_USER_PATHS = NO;
				CLANG_ANALYZER_NONNULL = YES;
				CLANG_ANALYZER_NUMBER_OBJECT_CONVERSION = YES_AGGRESSIVE;
				CLANG_CXX_LANGUAGE_STANDARD = "gnu++14";
				CLANG_CXX_LIBRARY = "libc++";
				CLANG_ENABLE_MODULES = YES;
				CLANG_ENABLE_OBJC_ARC = YES;
				CLANG_ENABLE_OBJC_WEAK = YES;
				CLANG_WARN_BLOCK_CAPTURE_AUTORELEASING = YES;
				CLANG_WARN_BOOL_CONVERSION = YES;
				CLANG_WARN_COMMA = YES;
				CLANG_WARN_CONSTANT_CONVERSION = YES;
				CLANG_WARN_DEPRECATED_OBJC_IMPLEMENTATIONS = YES;
				CLANG_WARN_DIRECT_OBJC_ISA_USAGE = YES_ERROR;
				CLANG_WARN_DOCUMENTATION_COMMENTS = YES;
				CLANG_WARN_EMPTY_BODY = YES;
				CLANG_WARN_ENUM_CONVERSION = YES;
				CLANG_WARN_INFINITE_RECURSION = YES;
				CLANG_WARN_INT_CONVERSION = YES;
				CLANG_WARN_NON_LITERAL_NULL_CONVERSION = YES;
				CLANG_WARN_OBJC_IMPLICIT_RETAIN_SELF = YES;
				CLANG_WARN_OBJC_LITERAL_CONVERSION = YES;
				CLANG_WARN_OBJC_ROOT_CLASS = YES_ERROR;
				CLANG_WARN_RANGE_LOOP_ANALYSIS = YES;
				CLANG_WARN_STRICT_PROTOTYPES = YES;
				CLANG_WARN_SUSPICIOUS_MOVE = YES;
				CLANG_WARN_UNGUARDED_AVAILABILITY = YES_AGGRESSIVE;
				CLANG_WARN_UNREACHABLE_CODE = YES;
				CLANG_WARN__DUPLICATE_METHOD_MATCH = YES;
				CODE_SIGN_IDENTITY = "iPhone Developer";
				COPY_PHASE_STRIP = NO;
				DEBUG_INFORMATION_FORMAT = "dwarf-with-dsym";
				ENABLE_NS_ASSERTIONS = NO;
				ENABLE_STRICT_OBJC_MSGSEND = YES;
				GCC_C_LANGUAGE_STANDARD = gnu11;
				GCC_NO_COMMON_BLOCKS = YES;
				GCC_WARN_64_TO_32_BIT_CONVERSION = YES;
				GCC_WARN_ABOUT_RETURN_TYPE = YES_ERROR;
				GCC_WARN_UNDECLARED_SELECTOR = YES;
				GCC_WARN_UNINITIALIZED_AUTOS = YES_AGGRESSIVE;
				GCC_WARN_UNUSED_FUNCTION = YES;
				GCC_WARN_UNUSED_VARIABLE = YES;
				IPHONEOS_DEPLOYMENT_TARGET = 11.4;
				MTL_ENABLE_DEBUG_INFO = NO;
				SDKROOT = iphoneos;
				SWIFT_COMPILATION_MODE = wholemodule;
				SWIFT_OPTIMIZATION_LEVEL = "-O";
				VALIDATE_PRODUCT = YES;
			};
			name = Release;
		};
		F87B07CA20D1F1CE00EE4FD9 /* Debug */ = {
			isa = XCBuildConfiguration;
			buildSettings = {
				ASSETCATALOG_COMPILER_APPICON_NAME = AppIcon;
				CLANG_ENABLE_MODULES = YES;
				CODE_SIGN_STYLE = Automatic;
				DEVELOPMENT_TEAM = 3RPD2RKGX8;
				INFOPLIST_FILE = iOSlibfvadExample/Info.plist;
				LD_RUNPATH_SEARCH_PATHS = (
					"$(inherited)",
					"@executable_path/Frameworks",
				);
				PRODUCT_BUNDLE_IDENTIFIER = "com.wa-fu-u.iOSlibfvadExample";
				PRODUCT_NAME = "$(TARGET_NAME)";
				SWIFT_OBJC_BRIDGING_HEADER = "iOSlibfvadExample-Bridging-Header.h";
				SWIFT_OPTIMIZATION_LEVEL = "-Onone";
				SWIFT_VERSION = 4.0;
				TARGETED_DEVICE_FAMILY = "1,2";
			};
			name = Debug;
		};
		F87B07CB20D1F1CE00EE4FD9 /* Release */ = {
			isa = XCBuildConfiguration;
			buildSettings = {
				ASSETCATALOG_COMPILER_APPICON_NAME = AppIcon;
				CLANG_ENABLE_MODULES = YES;
				CODE_SIGN_STYLE = Automatic;
				DEVELOPMENT_TEAM = 3RPD2RKGX8;
				INFOPLIST_FILE = iOSlibfvadExample/Info.plist;
				LD_RUNPATH_SEARCH_PATHS = (
					"$(inherited)",
					"@executable_path/Frameworks",
				);
				PRODUCT_BUNDLE_IDENTIFIER = "com.wa-fu-u.iOSlibfvadExample";
				PRODUCT_NAME = "$(TARGET_NAME)";
				SWIFT_OBJC_BRIDGING_HEADER = "iOSlibfvadExample-Bridging-Header.h";
				SWIFT_VERSION = 4.0;
				TARGETED_DEVICE_FAMILY = "1,2";
			};
			name = Release;
		};
/* End XCBuildConfiguration section */

/* Begin XCConfigurationList section */
		F87B07B220D1F1CD00EE4FD9 /* Build configuration list for PBXProject "iOSlibfvadExample" */ = {
			isa = XCConfigurationList;
			buildConfigurations = (
				F87B07C720D1F1CE00EE4FD9 /* Debug */,
				F87B07C820D1F1CE00EE4FD9 /* Release */,
			);
			defaultConfigurationIsVisible = 0;
			defaultConfigurationName = Release;
		};
		F87B07C920D1F1CE00EE4FD9 /* Build configuration list for PBXNativeTarget "iOSlibfvadExample" */ = {
			isa = XCConfigurationList;
			buildConfigurations = (
				F87B07CA20D1F1CE00EE4FD9 /* Debug */,
				F87B07CB20D1F1CE00EE4FD9 /* Release */,
			);
			defaultConfigurationIsVisible = 0;
			defaultConfigurationName = Release;
		};
/* End XCConfigurationList section */
	};
	rootObject = F87B07AF20D1F1CD00EE4FD9 /* Project object */;
}
